
Microsoft Visual Studio Solution File, Format Version 12.00
# Visual Studio Version 17
VisualStudioVersion = 17.4.33403.182
MinimumVisualStudioVersion = 10.0.40219.1
Project("{FAE04EC0-301F-11D3-BF4B-00C04F79EFBC}") = "Publisher1", "Publisher1\Publisher1.csproj", "{EC125692-C141-450E-97A9-83D4037980F9}"
EndProject
Project("{FAE04EC0-301F-11D3-BF4B-00C04F79EFBC}") = "Consumer1", "Consumer1\Consumer1.csproj", "{AAA057D3-D870-42FA-AE67-5D1C6C25662B}"
EndProject
Project("{FAE04EC0-301F-11D3-BF4B-00C04F79EFBC}") = "Service1", "Service1\Service1.csproj", "{047A4DD7-A983-454B-BEE7-B99B844D2FD0}"
EndProject
Project("{FAE04EC0-301F-11D3-BF4B-00C04F79EFBC}") = "Publisher2", "Publisher2\Publisher2.csproj", "{D5BA54D9-BB1C-411A-9332-B838541BF7C8}"
EndProject
Project("{FAE04EC0-301F-11D3-BF4B-00C04F79EFBC}") = "Consumer2A", "Consumer2A\Consumer2A.csproj", "{98F3BA70-28C7-4B27-9DC0-3956278EB14A}"
EndProject
Project("{FAE04EC0-301F-11D3-BF4B-00C04F79EFBC}") = "Consumer2B", "Consumer2B\Consumer2B.csproj", "{F71A95E2-5949-4394-93FF-93219E822FE6}"
EndProject
Project("{FAE04EC0-301F-11D3-BF4B-00C04F79EFBC}") = "Publisher3", "Publisher3\Publisher3.csproj", "{AE2EF918-DEA2-41DA-B93C-6069D152F5DB}"
EndProject
Project("{FAE04EC0-301F-11D3-BF4B-00C04F79EFBC}") = "Consumer3A", "Consumer3A\Consumer3A.csproj", "{30F1FF71-EA11-4841-9482-D4077615661D}"
EndProject
Project("{FAE04EC0-301F-11D3-BF4B-00C04F79EFBC}") = "Consumer3B", "Consumer3B\Consumer3B.csproj", "{98EB497C-C49A-4E0A-9A3B-8130113EA007}"
EndProject
Global
	GlobalSection(SolutionConfigurationPlatforms) = preSolution
		Debug|Any CPU = Debug|Any CPU
		Release|Any CPU = Release|Any CPU
	EndGlobalSection
	GlobalSection(ProjectConfigurationPlatforms) = postSolution
		{EC125692-C141-450E-97A9-83D4037980F9}.Debug|Any CPU.ActiveCfg = Debug|Any CPU
		{EC125692-C141-450E-97A9-83D4037980F9}.Debug|Any CPU.Build.0 = Debug|Any CPU
		{EC125692-C141-450E-97A9-83D4037980F9}.Release|Any CPU.ActiveCfg = Release|Any CPU
		{EC125692-C141-450E-97A9-83D4037980F9}.Release|Any CPU.Build.0 = Release|Any CPU
		{AAA057D3-D870-42FA-AE67-5D1C6C25662B}.Debug|Any CPU.ActiveCfg = Debug|Any CPU
		{AAA057D3-D870-42FA-AE67-5D1C6C25662B}.Debug|Any CPU.Build.0 = Debug|Any CPU
		{AAA057D3-D870-42FA-AE67-5D1C6C25662B}.Release|Any CPU.ActiveCfg = Release|Any CPU
		{AAA057D3-D870-42FA-AE67-5D1C6C25662B}.Release|Any CPU.Build.0 = Release|Any CPU
		{047A4DD7-A983-454B-BEE7-B99B844D2FD0}.Debug|Any CPU.ActiveCfg = Debug|Any CPU
		{047A4DD7-A983-454B-BEE7-B99B844D2FD0}.Debug|Any CPU.Build.0 = Debug|Any CPU
		{047A4DD7-A983-454B-BEE7-B99B844D2FD0}.Release|Any CPU.ActiveCfg = Release|Any CPU
		{047A4DD7-A983-454B-BEE7-B99B844D2FD0}.Release|Any CPU.Build.0 = Release|Any CPU
		{D5BA54D9-BB1C-411A-9332-B838541BF7C8}.Debug|Any CPU.ActiveCfg = Debug|Any CPU
		{D5BA54D9-BB1C-411A-9332-B838541BF7C8}.Debug|Any CPU.Build.0 = Debug|Any CPU
		{D5BA54D9-BB1C-411A-9332-B838541BF7C8}.Release|Any CPU.ActiveCfg = Release|Any CPU
		{D5BA54D9-BB1C-411A-9332-B838541BF7C8}.Release|Any CPU.Build.0 = Release|Any CPU
		{98F3BA70-28C7-4B27-9DC0-3956278EB14A}.Debug|Any CPU.ActiveCfg = Debug|Any CPU
		{98F3BA70-28C7-4B27-9DC0-3956278EB14A}.Debug|Any CPU.Build.0 = Debug|Any CPU
		{98F3BA70-28C7-4B27-9DC0-3956278EB14A}.Release|Any CPU.ActiveCfg = Release|Any CPU
		{98F3BA70-28C7-4B27-9DC0-3956278EB14A}.Release|Any CPU.Build.0 = Release|Any CPU
		{F71A95E2-5949-4394-93FF-93219E822FE6}.Debug|Any CPU.ActiveCfg = Debug|Any CPU
		{F71A95E2-5949-4394-93FF-93219E822FE6}.Debug|Any CPU.Build.0 = Debug|Any CPU
		{F71A95E2-5949-4394-93FF-93219E822FE6}.Release|Any CPU.ActiveCfg = Release|Any CPU
		{F71A95E2-5949-4394-93FF-93219E822FE6}.Release|Any CPU.Build.0 = Release|Any CPU
		{AE2EF918-DEA2-41DA-B93C-6069D152F5DB}.Debug|Any CPU.ActiveCfg = Debug|Any CPU
		{AE2EF918-DEA2-41DA-B93C-6069D152F5DB}.Debug|Any CPU.Build.0 = Debug|Any CPU
		{AE2EF918-DEA2-41DA-B93C-6069D152F5DB}.Release|Any CPU.ActiveCfg = Release|Any CPU
		{AE2EF918-DEA2-41DA-B93C-6069D152F5DB}.Release|Any CPU.Build.0 = Release|Any CPU
		{30F1FF71-EA11-4841-9482-D4077615661D}.Debug|Any CPU.ActiveCfg = Debug|Any CPU
		{30F1FF71-EA11-4841-9482-D4077615661D}.Debug|Any CPU.Build.0 = Debug|Any CPU
		{30F1FF71-EA11-4841-9482-D4077615661D}.Release|Any CPU.ActiveCfg = Release|Any CPU
		{30F1FF71-EA11-4841-9482-D4077615661D}.Release|Any CPU.Build.0 = Release|Any CPU
		{98EB497C-C49A-4E0A-9A3B-8130113EA007}.Debug|Any CPU.ActiveCfg = Debug|Any CPU
		{98EB497C-C49A-4E0A-9A3B-8130113EA007}.Debug|Any CPU.Build.0 = Debug|Any CPU
		{98EB497C-C49A-4E0A-9A3B-8130113EA007}.Release|Any CPU.ActiveCfg = Release|Any CPU
		{98EB497C-C49A-4E0A-9A3B-8130113EA007}.Release|Any CPU.Build.0 = Release|Any CPU
	EndGlobalSection
	GlobalSection(SolutionProperties) = preSolution
		HideSolutionNode = FALSE
	EndGlobalSection
	GlobalSection(ExtensibilityGlobals) = postSolution
		SolutionGuid = {8F640A27-7510-431A-961F-7C6B44574549}
	EndGlobalSection
EndGlobal
