
Microsoft Visual Studio Solution File, Format Version 12.00
# Visual Studio Version 17
VisualStudioVersion = 17.4.33403.182
MinimumVisualStudioVersion = 10.0.40219.1
Project("{FAE04EC0-301F-11D3-BF4B-00C04F79EFBC}") = "Publisher1", "Publisher1\Publisher1.csproj", "{EC125692-C141-450E-97A9-83D4037980F9}"
EndProject
Project("{FAE04EC0-301F-11D3-BF4B-00C04F79EFBC}") = "Consumer1", "Consumer1\Consumer1.csproj", "{AAA057D3-D870-42FA-AE67-5D1C6C25662B}"
EndProject
Project("{FAE04EC0-301F-11D3-BF4B-00C04F79EFBC}") = "Service1", "Service1\Service1.csproj", "{047A4DD7-A983-454B-BEE7-B99B844D2FD0}"
EndProject
Project("{FAE04EC0-301F-11D3-BF4B-00C04F79EFBC}") = "Publisher2", "Publisher2\Publisher2.csproj", "{D5BA54D9-BB1C-411A-9332-B838541BF7C8}"
EndProject
Project("{FAE04EC0-301F-11D3-BF4B-00C04F79EFBC}") = "Consumer2A", "Consumer2A\Consumer2A.csproj", "{98F3BA70-28C7-4B27-9DC0-3956278EB14A}"
EndProject
Project("{FAE04EC0-301F-11D3-BF4B-00C04F79EFBC}") = "Consumer2B", "Consumer2B\Consumer2B.csproj", "{F71A95E2-5949-4394-93FF-93219E822FE6}"
EndProject
Project("{FAE04EC0-301F-11D3-BF4B-00C04F79EFBC}") = "Publisher3", "Publisher3\Publisher3.csproj", "{AE2EF918-DEA2-41DA-B93C-6069D152F5DB}"
EndProject
Project("{FAE04EC0-301F-11D3-BF4B-00C04F79EFBC}") = "Consumer3A", "Consumer3A\Consumer3A.csproj", "{30F1FF71-EA11-4841-9482-D4077615661D}"
EndProject
Project("{FAE04EC0-301F-11D3-BF4B-00C04F79EFBC}") = "Consumer3B", "Consumer3B\Consumer3B.csproj", "{98EB497C-C49A-4E0A-9A3B-8130113EA007}"
EndProject
Project("{FAE04EC0-301F-11D3-BF4B-00C04F79EFBC}") = "Publisher4", "Publisher4\Publisher4.csproj", "{4B6C7D11-32CD-4597-A2F1-BAD2A095403B}"
EndProject
Project("{FAE04EC0-301F-11D3-BF4B-00C04F79EFBC}") = "Consumer4", "Consumer4\Consumer4.csproj", "{88B78C29-1C0C-4DC9-B262-A2DDE8574C98}"
EndProject
Project("{FAE04EC0-301F-11D3-BF4B-00C04F79EFBC}") = "Publisher5", "Publisher5\Publisher5.csproj", "{3B491023-4071-4A90-9744-209610F220F7}"
EndProject
Project("{FAE04EC0-301F-11D3-BF4B-00C04F79EFBC}") = "Consumer5A", "Consumer5A\Consumer5A.csproj", "{B569669E-BCA5-4140-9B83-81E22FC71D42}"
EndProject
Project("{FAE04EC0-301F-11D3-BF4B-00C04F79EFBC}") = "Consumer5B", "Consumer5B\Consumer5B.csproj", "{439E4F0E-A403-4E3D-AAD8-86FD6CEC8A71}"
EndProject
Project("{FAE04EC0-301F-11D3-BF4B-00C04F79EFBC}") = "Publisher6", "Publisher6\Publisher6.csproj", "{254E617D-7E8E-4561-B5C9-91B02FF611F2}"
EndProject
Project("{FAE04EC0-301F-11D3-BF4B-00C04F79EFBC}") = "Consumer6A", "Consumer6A\Consumer6A.csproj", "{3FCA36C1-F31E-4789-AA4C-1494F122F4A3}"
EndProject
Project("{FAE04EC0-301F-11D3-BF4B-00C04F79EFBC}") = "Consumer6B", "Consumer6B\Consumer6B.csproj", "{C5BA7834-7817-42E5-9A17-B2FFE48C091E}"
EndProject
Project("{FAE04EC0-301F-11D3-BF4B-00C04F79EFBC}") = "Consumer6C", "Consumer6C\Consumer6C.csproj", "{F1A14E75-1BF3-43F0-9A7E-FC20140069F9}"
EndProject
Project("{FAE04EC0-301F-11D3-BF4B-00C04F79EFBC}") = "Publisher7", "Publisher7\Publisher7.csproj", "{85085061-487F-48AF-B868-82DC059698D0}"
EndProject
Project("{FAE04EC0-301F-11D3-BF4B-00C04F79EFBC}") = "Consumer7A", "Consumer7A\Consumer7A.csproj", "{1677F98F-C673-4846-AC29-E5530FF9E3EE}"
EndProject
Project("{FAE04EC0-301F-11D3-BF4B-00C04F79EFBC}") = "Consumer7B", "Consumer7B\Consumer7B.csproj", "{D22C3765-0E40-491A-85FA-5FB09008D04A}"
EndProject
Project("{FAE04EC0-301F-11D3-BF4B-00C04F79EFBC}") = "Consumer7C", "Consumer7C\Consumer7C.csproj", "{AF5248C7-B358-4FDE-AB97-32A060B45902}"
EndProject
Global
	GlobalSection(SolutionConfigurationPlatforms) = preSolution
		Debug|Any CPU = Debug|Any CPU
		Release|Any CPU = Release|Any CPU
	EndGlobalSection
	GlobalSection(ProjectConfigurationPlatforms) = postSolution
		{EC125692-C141-450E-97A9-83D4037980F9}.Debug|Any CPU.ActiveCfg = Debug|Any CPU
		{EC125692-C141-450E-97A9-83D4037980F9}.Debug|Any CPU.Build.0 = Debug|Any CPU
		{EC125692-C141-450E-97A9-83D4037980F9}.Release|Any CPU.ActiveCfg = Release|Any CPU
		{EC125692-C141-450E-97A9-83D4037980F9}.Release|Any CPU.Build.0 = Release|Any CPU
		{AAA057D3-D870-42FA-AE67-5D1C6C25662B}.Debug|Any CPU.ActiveCfg = Debug|Any CPU
		{AAA057D3-D870-42FA-AE67-5D1C6C25662B}.Debug|Any CPU.Build.0 = Debug|Any CPU
		{AAA057D3-D870-42FA-AE67-5D1C6C25662B}.Release|Any CPU.ActiveCfg = Release|Any CPU
		{AAA057D3-D870-42FA-AE67-5D1C6C25662B}.Release|Any CPU.Build.0 = Release|Any CPU
		{047A4DD7-A983-454B-BEE7-B99B844D2FD0}.Debug|Any CPU.ActiveCfg = Debug|Any CPU
		{047A4DD7-A983-454B-BEE7-B99B844D2FD0}.Debug|Any CPU.Build.0 = Debug|Any CPU
		{047A4DD7-A983-454B-BEE7-B99B844D2FD0}.Release|Any CPU.ActiveCfg = Release|Any CPU
		{047A4DD7-A983-454B-BEE7-B99B844D2FD0}.Release|Any CPU.Build.0 = Release|Any CPU
		{D5BA54D9-BB1C-411A-9332-B838541BF7C8}.Debug|Any CPU.ActiveCfg = Debug|Any CPU
		{D5BA54D9-BB1C-411A-9332-B838541BF7C8}.Debug|Any CPU.Build.0 = Debug|Any CPU
		{D5BA54D9-BB1C-411A-9332-B838541BF7C8}.Release|Any CPU.ActiveCfg = Release|Any CPU
		{D5BA54D9-BB1C-411A-9332-B838541BF7C8}.Release|Any CPU.Build.0 = Release|Any CPU
		{98F3BA70-28C7-4B27-9DC0-3956278EB14A}.Debug|Any CPU.ActiveCfg = Debug|Any CPU
		{98F3BA70-28C7-4B27-9DC0-3956278EB14A}.Debug|Any CPU.Build.0 = Debug|Any CPU
		{98F3BA70-28C7-4B27-9DC0-3956278EB14A}.Release|Any CPU.ActiveCfg = Release|Any CPU
		{98F3BA70-28C7-4B27-9DC0-3956278EB14A}.Release|Any CPU.Build.0 = Release|Any CPU
		{F71A95E2-5949-4394-93FF-93219E822FE6}.Debug|Any CPU.ActiveCfg = Debug|Any CPU
		{F71A95E2-5949-4394-93FF-93219E822FE6}.Debug|Any CPU.Build.0 = Debug|Any CPU
		{F71A95E2-5949-4394-93FF-93219E822FE6}.Release|Any CPU.ActiveCfg = Release|Any CPU
		{F71A95E2-5949-4394-93FF-93219E822FE6}.Release|Any CPU.Build.0 = Release|Any CPU
		{AE2EF918-DEA2-41DA-B93C-6069D152F5DB}.Debug|Any CPU.ActiveCfg = Debug|Any CPU
		{AE2EF918-DEA2-41DA-B93C-6069D152F5DB}.Debug|Any CPU.Build.0 = Debug|Any CPU
		{AE2EF918-DEA2-41DA-B93C-6069D152F5DB}.Release|Any CPU.ActiveCfg = Release|Any CPU
		{AE2EF918-DEA2-41DA-B93C-6069D152F5DB}.Release|Any CPU.Build.0 = Release|Any CPU
		{30F1FF71-EA11-4841-9482-D4077615661D}.Debug|Any CPU.ActiveCfg = Debug|Any CPU
		{30F1FF71-EA11-4841-9482-D4077615661D}.Debug|Any CPU.Build.0 = Debug|Any CPU
		{30F1FF71-EA11-4841-9482-D4077615661D}.Release|Any CPU.ActiveCfg = Release|Any CPU
		{30F1FF71-EA11-4841-9482-D4077615661D}.Release|Any CPU.Build.0 = Release|Any CPU
		{98EB497C-C49A-4E0A-9A3B-8130113EA007}.Debug|Any CPU.ActiveCfg = Debug|Any CPU
		{98EB497C-C49A-4E0A-9A3B-8130113EA007}.Debug|Any CPU.Build.0 = Debug|Any CPU
		{98EB497C-C49A-4E0A-9A3B-8130113EA007}.Release|Any CPU.ActiveCfg = Release|Any CPU
		{98EB497C-C49A-4E0A-9A3B-8130113EA007}.Release|Any CPU.Build.0 = Release|Any CPU
		{4B6C7D11-32CD-4597-A2F1-BAD2A095403B}.Debug|Any CPU.ActiveCfg = Debug|Any CPU
		{4B6C7D11-32CD-4597-A2F1-BAD2A095403B}.Debug|Any CPU.Build.0 = Debug|Any CPU
		{4B6C7D11-32CD-4597-A2F1-BAD2A095403B}.Release|Any CPU.ActiveCfg = Release|Any CPU
		{4B6C7D11-32CD-4597-A2F1-BAD2A095403B}.Release|Any CPU.Build.0 = Release|Any CPU
		{88B78C29-1C0C-4DC9-B262-A2DDE8574C98}.Debug|Any CPU.ActiveCfg = Debug|Any CPU
		{88B78C29-1C0C-4DC9-B262-A2DDE8574C98}.Debug|Any CPU.Build.0 = Debug|Any CPU
		{88B78C29-1C0C-4DC9-B262-A2DDE8574C98}.Release|Any CPU.ActiveCfg = Release|Any CPU
		{88B78C29-1C0C-4DC9-B262-A2DDE8574C98}.Release|Any CPU.Build.0 = Release|Any CPU
		{3B491023-4071-4A90-9744-209610F220F7}.Debug|Any CPU.ActiveCfg = Debug|Any CPU
		{3B491023-4071-4A90-9744-209610F220F7}.Debug|Any CPU.Build.0 = Debug|Any CPU
		{3B491023-4071-4A90-9744-209610F220F7}.Release|Any CPU.ActiveCfg = Release|Any CPU
		{3B491023-4071-4A90-9744-209610F220F7}.Release|Any CPU.Build.0 = Release|Any CPU
		{B569669E-BCA5-4140-9B83-81E22FC71D42}.Debug|Any CPU.ActiveCfg = Debug|Any CPU
		{B569669E-BCA5-4140-9B83-81E22FC71D42}.Debug|Any CPU.Build.0 = Debug|Any CPU
		{B569669E-BCA5-4140-9B83-81E22FC71D42}.Release|Any CPU.ActiveCfg = Release|Any CPU
		{B569669E-BCA5-4140-9B83-81E22FC71D42}.Release|Any CPU.Build.0 = Release|Any CPU
		{439E4F0E-A403-4E3D-AAD8-86FD6CEC8A71}.Debug|Any CPU.ActiveCfg = Debug|Any CPU
		{439E4F0E-A403-4E3D-AAD8-86FD6CEC8A71}.Debug|Any CPU.Build.0 = Debug|Any CPU
		{439E4F0E-A403-4E3D-AAD8-86FD6CEC8A71}.Release|Any CPU.ActiveCfg = Release|Any CPU
		{439E4F0E-A403-4E3D-AAD8-86FD6CEC8A71}.Release|Any CPU.Build.0 = Release|Any CPU
		{254E617D-7E8E-4561-B5C9-91B02FF611F2}.Debug|Any CPU.ActiveCfg = Debug|Any CPU
		{254E617D-7E8E-4561-B5C9-91B02FF611F2}.Debug|Any CPU.Build.0 = Debug|Any CPU
		{254E617D-7E8E-4561-B5C9-91B02FF611F2}.Release|Any CPU.ActiveCfg = Release|Any CPU
		{254E617D-7E8E-4561-B5C9-91B02FF611F2}.Release|Any CPU.Build.0 = Release|Any CPU
		{3FCA36C1-F31E-4789-AA4C-1494F122F4A3}.Debug|Any CPU.ActiveCfg = Debug|Any CPU
		{3FCA36C1-F31E-4789-AA4C-1494F122F4A3}.Debug|Any CPU.Build.0 = Debug|Any CPU
		{3FCA36C1-F31E-4789-AA4C-1494F122F4A3}.Release|Any CPU.ActiveCfg = Release|Any CPU
		{3FCA36C1-F31E-4789-AA4C-1494F122F4A3}.Release|Any CPU.Build.0 = Release|Any CPU
		{C5BA7834-7817-42E5-9A17-B2FFE48C091E}.Debug|Any CPU.ActiveCfg = Debug|Any CPU
		{C5BA7834-7817-42E5-9A17-B2FFE48C091E}.Debug|Any CPU.Build.0 = Debug|Any CPU
		{C5BA7834-7817-42E5-9A17-B2FFE48C091E}.Release|Any CPU.ActiveCfg = Release|Any CPU
		{C5BA7834-7817-42E5-9A17-B2FFE48C091E}.Release|Any CPU.Build.0 = Release|Any CPU
		{F1A14E75-1BF3-43F0-9A7E-FC20140069F9}.Debug|Any CPU.ActiveCfg = Debug|Any CPU
		{F1A14E75-1BF3-43F0-9A7E-FC20140069F9}.Debug|Any CPU.Build.0 = Debug|Any CPU
		{F1A14E75-1BF3-43F0-9A7E-FC20140069F9}.Release|Any CPU.ActiveCfg = Release|Any CPU
		{F1A14E75-1BF3-43F0-9A7E-FC20140069F9}.Release|Any CPU.Build.0 = Release|Any CPU
		{85085061-487F-48AF-B868-82DC059698D0}.Debug|Any CPU.ActiveCfg = Debug|Any CPU
		{85085061-487F-48AF-B868-82DC059698D0}.Debug|Any CPU.Build.0 = Debug|Any CPU
		{85085061-487F-48AF-B868-82DC059698D0}.Release|Any CPU.ActiveCfg = Release|Any CPU
		{85085061-487F-48AF-B868-82DC059698D0}.Release|Any CPU.Build.0 = Release|Any CPU
		{1677F98F-C673-4846-AC29-E5530FF9E3EE}.Debug|Any CPU.ActiveCfg = Debug|Any CPU
		{1677F98F-C673-4846-AC29-E5530FF9E3EE}.Debug|Any CPU.Build.0 = Debug|Any CPU
		{1677F98F-C673-4846-AC29-E5530FF9E3EE}.Release|Any CPU.ActiveCfg = Release|Any CPU
		{1677F98F-C673-4846-AC29-E5530FF9E3EE}.Release|Any CPU.Build.0 = Release|Any CPU
		{D22C3765-0E40-491A-85FA-5FB09008D04A}.Debug|Any CPU.ActiveCfg = Debug|Any CPU
		{D22C3765-0E40-491A-85FA-5FB09008D04A}.Debug|Any CPU.Build.0 = Debug|Any CPU
		{D22C3765-0E40-491A-85FA-5FB09008D04A}.Release|Any CPU.ActiveCfg = Release|Any CPU
		{D22C3765-0E40-491A-85FA-5FB09008D04A}.Release|Any CPU.Build.0 = Release|Any CPU
		{AF5248C7-B358-4FDE-AB97-32A060B45902}.Debug|Any CPU.ActiveCfg = Debug|Any CPU
		{AF5248C7-B358-4FDE-AB97-32A060B45902}.Debug|Any CPU.Build.0 = Debug|Any CPU
		{AF5248C7-B358-4FDE-AB97-32A060B45902}.Release|Any CPU.ActiveCfg = Release|Any CPU
		{AF5248C7-B358-4FDE-AB97-32A060B45902}.Release|Any CPU.Build.0 = Release|Any CPU
	EndGlobalSection
	GlobalSection(SolutionProperties) = preSolution
		HideSolutionNode = FALSE
	EndGlobalSection
	GlobalSection(ExtensibilityGlobals) = postSolution
		SolutionGuid = {8F640A27-7510-431A-961F-7C6B44574549}
	EndGlobalSection
EndGlobal
