
Microsoft Visual Studio Solution File, Format Version 12.00
# Visual Studio Version 17
VisualStudioVersion = 17.4.33403.182
MinimumVisualStudioVersion = 10.0.40219.1
Project("{FAE04EC0-301F-11D3-BF4B-00C04F79EFBC}") = "Publisher1", "Publisher1\Publisher1.csproj", "{88B929F6-C6EF-4695-9DD4-A0ADF04AA0C2}"
EndProject
Project("{FAE04EC0-301F-11D3-BF4B-00C04F79EFBC}") = "Receiver1", "Receiver1\Receiver1.csproj", "{B66303D8-56FB-4667-9691-66E47B459958}"
EndProject
Project("{FAE04EC0-301F-11D3-BF4B-00C04F79EFBC}") = "Messaging1", "Messaging1\Messaging1.csproj", "{6E0724AA-EC6B-47C8-B6B8-E6D733EF4865}"
EndProject
Project("{FAE04EC0-301F-11D3-BF4B-00C04F79EFBC}") = "Receiver1M", "Receiver1M\Receiver1M.csproj", "{BF0B5C7B-339B-4C14-865C-3B1FEC073243}"
EndProject
Project("{FAE04EC0-301F-11D3-BF4B-00C04F79EFBC}") = "Receiver1S", "Receiver1S\Receiver1S.csproj", "{279709B5-7F2C-439B-923A-C0CCDF30D0D8}"
EndProject
Project("{FAE04EC0-301F-11D3-BF4B-00C04F79EFBC}") = "Domains1", "Domains1\Domains1.csproj", "{89EE3D5B-81A8-4CBB-A057-05B6B972CC5F}"
EndProject
Project("{FAE04EC0-301F-11D3-BF4B-00C04F79EFBC}") = "Dummy1", "Dummy1\Dummy1.csproj", "{0133D552-9FCC-47A7-ACE1-4B6AA1AA67E9}"
EndProject
Global
	GlobalSection(SolutionConfigurationPlatforms) = preSolution
		Debug|Any CPU = Debug|Any CPU
		Release|Any CPU = Release|Any CPU
	EndGlobalSection
	GlobalSection(ProjectConfigurationPlatforms) = postSolution
		{88B929F6-C6EF-4695-9DD4-A0ADF04AA0C2}.Debug|Any CPU.ActiveCfg = Debug|Any CPU
		{88B929F6-C6EF-4695-9DD4-A0ADF04AA0C2}.Debug|Any CPU.Build.0 = Debug|Any CPU
		{88B929F6-C6EF-4695-9DD4-A0ADF04AA0C2}.Release|Any CPU.ActiveCfg = Release|Any CPU
		{88B929F6-C6EF-4695-9DD4-A0ADF04AA0C2}.Release|Any CPU.Build.0 = Release|Any CPU
		{B66303D8-56FB-4667-9691-66E47B459958}.Debug|Any CPU.ActiveCfg = Debug|Any CPU
		{B66303D8-56FB-4667-9691-66E47B459958}.Debug|Any CPU.Build.0 = Debug|Any CPU
		{B66303D8-56FB-4667-9691-66E47B459958}.Release|Any CPU.ActiveCfg = Release|Any CPU
		{B66303D8-56FB-4667-9691-66E47B459958}.Release|Any CPU.Build.0 = Release|Any CPU
		{6E0724AA-EC6B-47C8-B6B8-E6D733EF4865}.Debug|Any CPU.ActiveCfg = Debug|Any CPU
		{6E0724AA-EC6B-47C8-B6B8-E6D733EF4865}.Debug|Any CPU.Build.0 = Debug|Any CPU
		{6E0724AA-EC6B-47C8-B6B8-E6D733EF4865}.Release|Any CPU.ActiveCfg = Release|Any CPU
		{6E0724AA-EC6B-47C8-B6B8-E6D733EF4865}.Release|Any CPU.Build.0 = Release|Any CPU
		{BF0B5C7B-339B-4C14-865C-3B1FEC073243}.Debug|Any CPU.ActiveCfg = Debug|Any CPU
		{BF0B5C7B-339B-4C14-865C-3B1FEC073243}.Debug|Any CPU.Build.0 = Debug|Any CPU
		{BF0B5C7B-339B-4C14-865C-3B1FEC073243}.Release|Any CPU.ActiveCfg = Release|Any CPU
		{BF0B5C7B-339B-4C14-865C-3B1FEC073243}.Release|Any CPU.Build.0 = Release|Any CPU
		{279709B5-7F2C-439B-923A-C0CCDF30D0D8}.Debug|Any CPU.ActiveCfg = Debug|Any CPU
		{279709B5-7F2C-439B-923A-C0CCDF30D0D8}.Debug|Any CPU.Build.0 = Debug|Any CPU
		{279709B5-7F2C-439B-923A-C0CCDF30D0D8}.Release|Any CPU.ActiveCfg = Release|Any CPU
		{279709B5-7F2C-439B-923A-C0CCDF30D0D8}.Release|Any CPU.Build.0 = Release|Any CPU
		{89EE3D5B-81A8-4CBB-A057-05B6B972CC5F}.Debug|Any CPU.ActiveCfg = Debug|Any CPU
		{89EE3D5B-81A8-4CBB-A057-05B6B972CC5F}.Debug|Any CPU.Build.0 = Debug|Any CPU
		{89EE3D5B-81A8-4CBB-A057-05B6B972CC5F}.Release|Any CPU.ActiveCfg = Release|Any CPU
		{89EE3D5B-81A8-4CBB-A057-05B6B972CC5F}.Release|Any CPU.Build.0 = Release|Any CPU
		{0133D552-9FCC-47A7-ACE1-4B6AA1AA67E9}.Debug|Any CPU.ActiveCfg = Debug|Any CPU
		{0133D552-9FCC-47A7-ACE1-4B6AA1AA67E9}.Debug|Any CPU.Build.0 = Debug|Any CPU
		{0133D552-9FCC-47A7-ACE1-4B6AA1AA67E9}.Release|Any CPU.ActiveCfg = Release|Any CPU
		{0133D552-9FCC-47A7-ACE1-4B6AA1AA67E9}.Release|Any CPU.Build.0 = Release|Any CPU
	EndGlobalSection
	GlobalSection(SolutionProperties) = preSolution
		HideSolutionNode = FALSE
	EndGlobalSection
	GlobalSection(ExtensibilityGlobals) = postSolution
		SolutionGuid = {852E0FE9-162B-4DA0-A1A0-FA0299819462}
	EndGlobalSection
EndGlobal
