
Microsoft Visual Studio Solution File, Format Version 12.00
# Visual Studio Version 17
VisualStudioVersion = 17.4.33403.182
MinimumVisualStudioVersion = 10.0.40219.1
Project("{FAE04EC0-301F-11D3-BF4B-00C04F79EFBC}") = "Publisher1", "RabbitMQClient1\Publisher1.csproj", "{53E0CA12-0CE5-4AA9-8CDC-FB8B38DE18A1}"
EndProject
Project("{FAE04EC0-301F-11D3-BF4B-00C04F79EFBC}") = "Receiver1", "ReceiverOneWayMessage\Receiver1.csproj", "{6E4C5870-EA2B-4AB1-AF72-332CE8889E29}"
EndProject
Project("{FAE04EC0-301F-11D3-BF4B-00C04F79EFBC}") = "Receiver1Event", "Receiver1Event\Receiver1Event.csproj", "{7DB34168-42DB-4B10-A4B3-E7B7D1151C18}"
EndProject
Project("{FAE04EC0-301F-11D3-BF4B-00C04F79EFBC}") = "Publisher2", "Publisher2\Publisher2.csproj", "{04A543CC-2102-4F56-9B96-B40DC2CDB812}"
EndProject
Project("{FAE04EC0-301F-11D3-BF4B-00C04F79EFBC}") = "Receiver2acc", "Receiver2acc\Receiver2acc.csproj", "{8A56FCEF-4F1C-4337-A2B6-4ADEF737166A}"
EndProject
Project("{FAE04EC0-301F-11D3-BF4B-00C04F79EFBC}") = "Receiver2Mng", "Receiver2Mng\Receiver2Mng.csproj", "{6B575823-F2E9-4BA4-95A8-164E85765A0E}"
EndProject
Project("{FAE04EC0-301F-11D3-BF4B-00C04F79EFBC}") = "Publisher3", "Publisher3\Publisher3.csproj", "{BA0DA96B-9581-4EAA-BFF3-3BEBCA9D5BB5}"
EndProject
Project("{FAE04EC0-301F-11D3-BF4B-00C04F79EFBC}") = "Receiver3", "Receiver3\Receiver3.csproj", "{B78E31CC-EA66-4152-8B8D-13A1F111E2EC}"
EndProject
Global
	GlobalSection(SolutionConfigurationPlatforms) = preSolution
		Debug|Any CPU = Debug|Any CPU
		Release|Any CPU = Release|Any CPU
	EndGlobalSection
	GlobalSection(ProjectConfigurationPlatforms) = postSolution
		{53E0CA12-0CE5-4AA9-8CDC-FB8B38DE18A1}.Debug|Any CPU.ActiveCfg = Debug|Any CPU
		{53E0CA12-0CE5-4AA9-8CDC-FB8B38DE18A1}.Debug|Any CPU.Build.0 = Debug|Any CPU
		{53E0CA12-0CE5-4AA9-8CDC-FB8B38DE18A1}.Release|Any CPU.ActiveCfg = Release|Any CPU
		{53E0CA12-0CE5-4AA9-8CDC-FB8B38DE18A1}.Release|Any CPU.Build.0 = Release|Any CPU
		{6E4C5870-EA2B-4AB1-AF72-332CE8889E29}.Debug|Any CPU.ActiveCfg = Debug|Any CPU
		{6E4C5870-EA2B-4AB1-AF72-332CE8889E29}.Debug|Any CPU.Build.0 = Debug|Any CPU
		{6E4C5870-EA2B-4AB1-AF72-332CE8889E29}.Release|Any CPU.ActiveCfg = Release|Any CPU
		{6E4C5870-EA2B-4AB1-AF72-332CE8889E29}.Release|Any CPU.Build.0 = Release|Any CPU
		{7DB34168-42DB-4B10-A4B3-E7B7D1151C18}.Debug|Any CPU.ActiveCfg = Debug|Any CPU
		{7DB34168-42DB-4B10-A4B3-E7B7D1151C18}.Debug|Any CPU.Build.0 = Debug|Any CPU
		{7DB34168-42DB-4B10-A4B3-E7B7D1151C18}.Release|Any CPU.ActiveCfg = Release|Any CPU
		{7DB34168-42DB-4B10-A4B3-E7B7D1151C18}.Release|Any CPU.Build.0 = Release|Any CPU
		{04A543CC-2102-4F56-9B96-B40DC2CDB812}.Debug|Any CPU.ActiveCfg = Debug|Any CPU
		{04A543CC-2102-4F56-9B96-B40DC2CDB812}.Debug|Any CPU.Build.0 = Debug|Any CPU
		{04A543CC-2102-4F56-9B96-B40DC2CDB812}.Release|Any CPU.ActiveCfg = Release|Any CPU
		{04A543CC-2102-4F56-9B96-B40DC2CDB812}.Release|Any CPU.Build.0 = Release|Any CPU
		{8A56FCEF-4F1C-4337-A2B6-4ADEF737166A}.Debug|Any CPU.ActiveCfg = Debug|Any CPU
		{8A56FCEF-4F1C-4337-A2B6-4ADEF737166A}.Debug|Any CPU.Build.0 = Debug|Any CPU
		{8A56FCEF-4F1C-4337-A2B6-4ADEF737166A}.Release|Any CPU.ActiveCfg = Release|Any CPU
		{8A56FCEF-4F1C-4337-A2B6-4ADEF737166A}.Release|Any CPU.Build.0 = Release|Any CPU
		{6B575823-F2E9-4BA4-95A8-164E85765A0E}.Debug|Any CPU.ActiveCfg = Debug|Any CPU
		{6B575823-F2E9-4BA4-95A8-164E85765A0E}.Debug|Any CPU.Build.0 = Debug|Any CPU
		{6B575823-F2E9-4BA4-95A8-164E85765A0E}.Release|Any CPU.ActiveCfg = Release|Any CPU
		{6B575823-F2E9-4BA4-95A8-164E85765A0E}.Release|Any CPU.Build.0 = Release|Any CPU
		{BA0DA96B-9581-4EAA-BFF3-3BEBCA9D5BB5}.Debug|Any CPU.ActiveCfg = Debug|Any CPU
		{BA0DA96B-9581-4EAA-BFF3-3BEBCA9D5BB5}.Debug|Any CPU.Build.0 = Debug|Any CPU
		{BA0DA96B-9581-4EAA-BFF3-3BEBCA9D5BB5}.Release|Any CPU.ActiveCfg = Release|Any CPU
		{BA0DA96B-9581-4EAA-BFF3-3BEBCA9D5BB5}.Release|Any CPU.Build.0 = Release|Any CPU
		{B78E31CC-EA66-4152-8B8D-13A1F111E2EC}.Debug|Any CPU.ActiveCfg = Debug|Any CPU
		{B78E31CC-EA66-4152-8B8D-13A1F111E2EC}.Debug|Any CPU.Build.0 = Debug|Any CPU
		{B78E31CC-EA66-4152-8B8D-13A1F111E2EC}.Release|Any CPU.ActiveCfg = Release|Any CPU
		{B78E31CC-EA66-4152-8B8D-13A1F111E2EC}.Release|Any CPU.Build.0 = Release|Any CPU
	EndGlobalSection
	GlobalSection(SolutionProperties) = preSolution
		HideSolutionNode = FALSE
	EndGlobalSection
	GlobalSection(ExtensibilityGlobals) = postSolution
		SolutionGuid = {556841D4-6821-480E-80B1-594FAF525195}
	EndGlobalSection
EndGlobal
