
Microsoft Visual Studio Solution File, Format Version 12.00
# Visual Studio Version 17
VisualStudioVersion = 17.4.33403.182
MinimumVisualStudioVersion = 10.0.40219.1
Project("{FAE04EC0-301F-11D3-BF4B-00C04F79EFBC}") = "Messaging1", "Messaging1\Messaging1.csproj", "{A58CD7F1-9E13-4A36-BF5A-63A403A1EE51}"
EndProject
Project("{FAE04EC0-301F-11D3-BF4B-00C04F79EFBC}") = "Publisher1", "Publisher1\Publisher1.csproj", "{80E3E6F1-CFD1-4D50-BB20-852C9DACD67B}"
EndProject
Project("{FAE04EC0-301F-11D3-BF4B-00C04F79EFBC}") = "Receiver1", "Receiver1\Receiver1.csproj", "{D5243734-2BA7-4666-8E96-D0F215647837}"
EndProject
Global
	GlobalSection(SolutionConfigurationPlatforms) = preSolution
		Debug|Any CPU = Debug|Any CPU
		Release|Any CPU = Release|Any CPU
	EndGlobalSection
	GlobalSection(ProjectConfigurationPlatforms) = postSolution
		{A58CD7F1-9E13-4A36-BF5A-63A403A1EE51}.Debug|Any CPU.ActiveCfg = Debug|Any CPU
		{A58CD7F1-9E13-4A36-BF5A-63A403A1EE51}.Debug|Any CPU.Build.0 = Debug|Any CPU
		{A58CD7F1-9E13-4A36-BF5A-63A403A1EE51}.Release|Any CPU.ActiveCfg = Release|Any CPU
		{A58CD7F1-9E13-4A36-BF5A-63A403A1EE51}.Release|Any CPU.Build.0 = Release|Any CPU
		{80E3E6F1-CFD1-4D50-BB20-852C9DACD67B}.Debug|Any CPU.ActiveCfg = Debug|Any CPU
		{80E3E6F1-CFD1-4D50-BB20-852C9DACD67B}.Debug|Any CPU.Build.0 = Debug|Any CPU
		{80E3E6F1-CFD1-4D50-BB20-852C9DACD67B}.Release|Any CPU.ActiveCfg = Release|Any CPU
		{80E3E6F1-CFD1-4D50-BB20-852C9DACD67B}.Release|Any CPU.Build.0 = Release|Any CPU
		{D5243734-2BA7-4666-8E96-D0F215647837}.Debug|Any CPU.ActiveCfg = Debug|Any CPU
		{D5243734-2BA7-4666-8E96-D0F215647837}.Debug|Any CPU.Build.0 = Debug|Any CPU
		{D5243734-2BA7-4666-8E96-D0F215647837}.Release|Any CPU.ActiveCfg = Release|Any CPU
		{D5243734-2BA7-4666-8E96-D0F215647837}.Release|Any CPU.Build.0 = Release|Any CPU
	EndGlobalSection
	GlobalSection(SolutionProperties) = preSolution
		HideSolutionNode = FALSE
	EndGlobalSection
	GlobalSection(ExtensibilityGlobals) = postSolution
		SolutionGuid = {B16F3B90-B756-4761-8EBC-CA0319A290DA}
	EndGlobalSection
EndGlobal
